
Microsoft Visual Studio Solution File, Format Version 12.00
# Visual Studio Version 17
VisualStudioVersion = 17.9.34728.123
MinimumVisualStudioVersion = 10.0.40219.1
Project("{FAE04EC0-301F-11D3-BF4B-00C04F79EFBC}") = "Booker", "Booker\Booker.csproj", "{C22E6C27-D2F4-4491-A649-D61EB57B275F}"
EndProject
Global
	GlobalSection(SolutionConfigurationPlatforms) = preSolution
		Debug|Any CPU = Debug|Any CPU
		Release|Any CPU = Release|Any CPU
	EndGlobalSection
	GlobalSection(ProjectConfigurationPlatforms) = postSolution
		{C22E6C27-D2F4-4491-A649-D61EB57B275F}.Debug|Any CPU.ActiveCfg = Debug|Any CPU
		{C22E6C27-D2F4-4491-A649-D61EB57B275F}.Debug|Any CPU.Build.0 = Debug|Any CPU
		{C22E6C27-D2F4-4491-A649-D61EB57B275F}.Debug|Any CPU.Deploy.0 = Debug|Any CPU
		{C22E6C27-D2F4-4491-A649-D61EB57B275F}.Release|Any CPU.ActiveCfg = Release|Any CPU
		{C22E6C27-D2F4-4491-A649-D61EB57B275F}.Release|Any CPU.Build.0 = Release|Any CPU
		{C22E6C27-D2F4-4491-A649-D61EB57B275F}.Release|Any CPU.Deploy.0 = Release|Any CPU
	EndGlobalSection
	GlobalSection(SolutionProperties) = preSolution
		HideSolutionNode = FALSE
	EndGlobalSection
	GlobalSection(ExtensibilityGlobals) = postSolution
		SolutionGuid = {33BC8426-A58D-481E-A455-493FB8C263DC}
	EndGlobalSection
EndGlobal
